
Microsoft Visual Studio Solution File, Format Version 12.00
# Visual Studio Version 17
VisualStudioVersion = 17.8.34316.72
MinimumVisualStudioVersion = 10.0.40219.1
Project("{9A19103F-16F7-4668-BE54-9A1E7A4F7556}") = "KKBookstore.Data", "KKBookstore.Data\KKBookstore.Data.csproj", "{5A500BD3-7481-46BA-953D-275C03A8365E}"
EndProject
Project("{9A19103F-16F7-4668-BE54-9A1E7A4F7556}") = "KKBookstore.Model", "KKBookstore.Model\KKBookstore.Model.csproj", "{263F7245-BFED-49E0-A354-0A7E79AEC2DF}"
EndProject
Project("{FAE04EC0-301F-11D3-BF4B-00C04F79EFBC}") = "KKBookstore.API", "KKBookstore.API\KKBookstore.API.csproj", "{EE763A4A-3408-4E6D-AFA9-ABF1FE4752E3}"
EndProject
Global
	GlobalSection(SolutionConfigurationPlatforms) = preSolution
		Debug|Any CPU = Debug|Any CPU
		Release|Any CPU = Release|Any CPU
	EndGlobalSection
	GlobalSection(ProjectConfigurationPlatforms) = postSolution
		{5A500BD3-7481-46BA-953D-275C03A8365E}.Debug|Any CPU.ActiveCfg = Debug|Any CPU
		{5A500BD3-7481-46BA-953D-275C03A8365E}.Debug|Any CPU.Build.0 = Debug|Any CPU
		{5A500BD3-7481-46BA-953D-275C03A8365E}.Release|Any CPU.ActiveCfg = Release|Any CPU
		{5A500BD3-7481-46BA-953D-275C03A8365E}.Release|Any CPU.Build.0 = Release|Any CPU
		{263F7245-BFED-49E0-A354-0A7E79AEC2DF}.Debug|Any CPU.ActiveCfg = Debug|Any CPU
		{263F7245-BFED-49E0-A354-0A7E79AEC2DF}.Debug|Any CPU.Build.0 = Debug|Any CPU
		{263F7245-BFED-49E0-A354-0A7E79AEC2DF}.Release|Any CPU.ActiveCfg = Release|Any CPU
		{263F7245-BFED-49E0-A354-0A7E79AEC2DF}.Release|Any CPU.Build.0 = Release|Any CPU
		{EE763A4A-3408-4E6D-AFA9-ABF1FE4752E3}.Debug|Any CPU.ActiveCfg = Debug|Any CPU
		{EE763A4A-3408-4E6D-AFA9-ABF1FE4752E3}.Debug|Any CPU.Build.0 = Debug|Any CPU
		{EE763A4A-3408-4E6D-AFA9-ABF1FE4752E3}.Release|Any CPU.ActiveCfg = Release|Any CPU
		{EE763A4A-3408-4E6D-AFA9-ABF1FE4752E3}.Release|Any CPU.Build.0 = Release|Any CPU
	EndGlobalSection
	GlobalSection(SolutionProperties) = preSolution
		HideSolutionNode = FALSE
	EndGlobalSection
	GlobalSection(ExtensibilityGlobals) = postSolution
		SolutionGuid = {85ACF3F6-2126-46F4-AC19-DFD2D032CD60}
	EndGlobalSection
EndGlobal
